
Microsoft Visual Studio Solution File, Format Version 12.00
# Visual Studio Version 17
VisualStudioVersion = 17.8.34525.116
MinimumVisualStudioVersion = 10.0.40219.1
Project("{FAE04EC0-301F-11D3-BF4B-00C04F79EFBC}") = "C# & JAVA OOP", "C# & JAVA OOP\C# & JAVA OOP.csproj", "{94477998-7E9E-44EE-BDC8-92A0D8EC2615}"
EndProject
Global
	GlobalSection(SolutionConfigurationPlatforms) = preSolution
		Debug|Any CPU = Debug|Any CPU
		Release|Any CPU = Release|Any CPU
	EndGlobalSection
	GlobalSection(ProjectConfigurationPlatforms) = postSolution
		{94477998-7E9E-44EE-BDC8-92A0D8EC2615}.Debug|Any CPU.ActiveCfg = Debug|Any CPU
		{94477998-7E9E-44EE-BDC8-92A0D8EC2615}.Debug|Any CPU.Build.0 = Debug|Any CPU
		{94477998-7E9E-44EE-BDC8-92A0D8EC2615}.Release|Any CPU.ActiveCfg = Release|Any CPU
		{94477998-7E9E-44EE-BDC8-92A0D8EC2615}.Release|Any CPU.Build.0 = Release|Any CPU
	EndGlobalSection
	GlobalSection(SolutionProperties) = preSolution
		HideSolutionNode = FALSE
	EndGlobalSection
	GlobalSection(ExtensibilityGlobals) = postSolution
		SolutionGuid = {DC1C98EE-D2D0-4B88-9D94-0826EF2E7EBB}
	EndGlobalSection
EndGlobal
